
Microsoft Visual Studio Solution File, Format Version 12.00
# Visual Studio Version 17
VisualStudioVersion = 17.9.34622.214
MinimumVisualStudioVersion = 10.0.40219.1
Project("{FAE04EC0-301F-11D3-BF4B-00C04F79EFBC}") = "ModuloCRUD", "ModuloCRUD\ModuloCRUD.csproj", "{A75C8C5F-293B-4F6C-9B10-20331CB4EA81}"
EndProject
Project("{FAE04EC0-301F-11D3-BF4B-00C04F79EFBC}") = "Modulo1.Shared", "Modulo1.Shared\Modulo1.Shared.csproj", "{A2072310-7777-425C-AB77-2910ECF86A3B}"
EndProject
Project("{FAE04EC0-301F-11D3-BF4B-00C04F79EFBC}") = "Modulo1.Client", "Modulo1.Client\Modulo1.Client.csproj", "{0A30986A-4491-430B-86D0-ACBB8F013203}"
EndProject
Global
	GlobalSection(SolutionConfigurationPlatforms) = preSolution
		Debug|Any CPU = Debug|Any CPU
		Release|Any CPU = Release|Any CPU
	EndGlobalSection
	GlobalSection(ProjectConfigurationPlatforms) = postSolution
		{A75C8C5F-293B-4F6C-9B10-20331CB4EA81}.Debug|Any CPU.ActiveCfg = Debug|Any CPU
		{A75C8C5F-293B-4F6C-9B10-20331CB4EA81}.Debug|Any CPU.Build.0 = Debug|Any CPU
		{A75C8C5F-293B-4F6C-9B10-20331CB4EA81}.Release|Any CPU.ActiveCfg = Release|Any CPU
		{A75C8C5F-293B-4F6C-9B10-20331CB4EA81}.Release|Any CPU.Build.0 = Release|Any CPU
		{A2072310-7777-425C-AB77-2910ECF86A3B}.Debug|Any CPU.ActiveCfg = Debug|Any CPU
		{A2072310-7777-425C-AB77-2910ECF86A3B}.Debug|Any CPU.Build.0 = Debug|Any CPU
		{A2072310-7777-425C-AB77-2910ECF86A3B}.Release|Any CPU.ActiveCfg = Release|Any CPU
		{A2072310-7777-425C-AB77-2910ECF86A3B}.Release|Any CPU.Build.0 = Release|Any CPU
		{0A30986A-4491-430B-86D0-ACBB8F013203}.Debug|Any CPU.ActiveCfg = Debug|Any CPU
		{0A30986A-4491-430B-86D0-ACBB8F013203}.Debug|Any CPU.Build.0 = Debug|Any CPU
		{0A30986A-4491-430B-86D0-ACBB8F013203}.Release|Any CPU.ActiveCfg = Release|Any CPU
		{0A30986A-4491-430B-86D0-ACBB8F013203}.Release|Any CPU.Build.0 = Release|Any CPU
	EndGlobalSection
	GlobalSection(SolutionProperties) = preSolution
		HideSolutionNode = FALSE
	EndGlobalSection
	GlobalSection(ExtensibilityGlobals) = postSolution
		SolutionGuid = {B3FC9442-F489-446F-AE49-F5AC1063173F}
	EndGlobalSection
EndGlobal
